
Microsoft Visual Studio Solution File, Format Version 12.00
# Visual Studio 15
VisualStudioVersion = 15.0.26020.0
MinimumVisualStudioVersion = 10.0.40219.1
Project("{2150E333-8FDC-42A3-9474-1A3956D46DE8}") = "src", "src", "{A8A1A4EE-E04A-43AB-90C9-41E7B82EE1E5}"
EndProject
Project("{2150E333-8FDC-42A3-9474-1A3956D46DE8}") = "misc", "misc", "{1FE0D431-A761-4239-B2D6-D32C70723FD2}"
	ProjectSection(SolutionItems) = preProject
		Directory.build.project.props = Directory.build.project.props
		Directory.build.props = Directory.build.props
		Directory.build.shared.explicit.props = Directory.build.shared.explicit.props
		Directory.build.shared.implicit.props = Directory.build.shared.implicit.props
		Directory.build.shared.mat.props = Directory.build.shared.mat.props
		Directory.build.targets = Directory.build.targets
		GlobalSuppressions.cs = GlobalSuppressions.cs
		nuget.config = nuget.config
		Orc.FileAssociation.sln.DotSettings = Orc.FileAssociation.sln.DotSettings
		SolutionAssemblyInfo.cs = SolutionAssemblyInfo.cs
	EndProjectSection
EndProject
Project("{2150E333-8FDC-42A3-9474-1A3956D46DE8}") = "Core", "Core", "{0787DFC6-AB24-4D00-A8A4-FF203DC7D080}"
EndProject
Project("{2150E333-8FDC-42A3-9474-1A3956D46DE8}") = "Tests", "Tests", "{D3EA1078-BF3D-4709-871C-AAFF70B95045}"
EndProject
Project("{2150E333-8FDC-42A3-9474-1A3956D46DE8}") = "Example", "Example", "{672BFA2E-9F93-496F-B188-40579FB5D301}"
EndProject
Project("{9A19103F-16F7-4668-BE54-9A1E7A4F7556}") = "Orc.FileAssociation", "Orc.FileAssociation\Orc.FileAssociation.csproj", "{428D55B8-A55D-442C-BC26-22B1EE15C992}"
EndProject
Project("{D954291E-2A0B-460D-934E-DC6B0785DB48}") = "Orc.FileAssociation.Example.Shared", "Orc.FileAssociation.Example.Shared\Orc.FileAssociation.Example.Shared.shproj", "{EECB4EC4-26D5-4261-BF6D-A707789DE751}"
EndProject
Project("{9A19103F-16F7-4668-BE54-9A1E7A4F7556}") = "Orc.FileAssociation.Example.NET", "Orc.FileAssociation.Example.NET\Orc.FileAssociation.Example.NET.csproj", "{26D65F89-3635-4D61-8730-19D927D87D04}"
EndProject
Project("{9A19103F-16F7-4668-BE54-9A1E7A4F7556}") = "Orc.FileAssociation.Tests", "Orc.FileAssociation.Tests\Orc.FileAssociation.Tests.csproj", "{473A84EE-FBA2-455A-8C0E-9137F9FDD53C}"
EndProject
Global
	GlobalSection(SharedMSBuildProjectFiles) = preSolution
		Orc.FileAssociation.Example.Shared\Orc.FileAssociation.Example.Shared.projitems*{eecb4ec4-26d5-4261-bf6d-a707789de751}*SharedItemsImports = 13
	EndGlobalSection
	GlobalSection(SolutionConfigurationPlatforms) = preSolution
		Debug|Any CPU = Debug|Any CPU
		Release|Any CPU = Release|Any CPU
	EndGlobalSection
	GlobalSection(ProjectConfigurationPlatforms) = postSolution
		{428D55B8-A55D-442C-BC26-22B1EE15C992}.Debug|Any CPU.ActiveCfg = Debug|Any CPU
		{428D55B8-A55D-442C-BC26-22B1EE15C992}.Debug|Any CPU.Build.0 = Debug|Any CPU
		{428D55B8-A55D-442C-BC26-22B1EE15C992}.Release|Any CPU.ActiveCfg = Release|Any CPU
		{428D55B8-A55D-442C-BC26-22B1EE15C992}.Release|Any CPU.Build.0 = Release|Any CPU
		{26D65F89-3635-4D61-8730-19D927D87D04}.Debug|Any CPU.ActiveCfg = Debug|Any CPU
		{26D65F89-3635-4D61-8730-19D927D87D04}.Debug|Any CPU.Build.0 = Debug|Any CPU
		{26D65F89-3635-4D61-8730-19D927D87D04}.Release|Any CPU.ActiveCfg = Release|Any CPU
		{26D65F89-3635-4D61-8730-19D927D87D04}.Release|Any CPU.Build.0 = Release|Any CPU
		{473A84EE-FBA2-455A-8C0E-9137F9FDD53C}.Debug|Any CPU.ActiveCfg = Debug|Any CPU
		{473A84EE-FBA2-455A-8C0E-9137F9FDD53C}.Debug|Any CPU.Build.0 = Debug|Any CPU
		{473A84EE-FBA2-455A-8C0E-9137F9FDD53C}.Release|Any CPU.ActiveCfg = Release|Any CPU
		{473A84EE-FBA2-455A-8C0E-9137F9FDD53C}.Release|Any CPU.Build.0 = Release|Any CPU
	EndGlobalSection
	GlobalSection(SolutionProperties) = preSolution
		HideSolutionNode = FALSE
	EndGlobalSection
	GlobalSection(NestedProjects) = preSolution
		{0787DFC6-AB24-4D00-A8A4-FF203DC7D080} = {A8A1A4EE-E04A-43AB-90C9-41E7B82EE1E5}
		{D3EA1078-BF3D-4709-871C-AAFF70B95045} = {A8A1A4EE-E04A-43AB-90C9-41E7B82EE1E5}
		{672BFA2E-9F93-496F-B188-40579FB5D301} = {A8A1A4EE-E04A-43AB-90C9-41E7B82EE1E5}
		{428D55B8-A55D-442C-BC26-22B1EE15C992} = {0787DFC6-AB24-4D00-A8A4-FF203DC7D080}
		{EECB4EC4-26D5-4261-BF6D-A707789DE751} = {672BFA2E-9F93-496F-B188-40579FB5D301}
		{26D65F89-3635-4D61-8730-19D927D87D04} = {672BFA2E-9F93-496F-B188-40579FB5D301}
		{473A84EE-FBA2-455A-8C0E-9137F9FDD53C} = {D3EA1078-BF3D-4709-871C-AAFF70B95045}
	EndGlobalSection
	GlobalSection(ExtensibilityGlobals) = postSolution
		SolutionGuid = {F64059A1-D524-41E6-9108-EB1FC4DB0163}
	EndGlobalSection
EndGlobal
